<?xml version="1.0" encoding="utf-8"?>
<Project ToolsVersion="17.0" xmlns="http://schemas.microsoft.com/developer/msbuild/2003">
  <ItemGroup>
    <ClInclude Include="..\include\ggml\ggml.h" />
    <ClInclude Include="..\examples\common.h" />
    <ClInclude Include="..\examples\common-ggml.h" />
    <ClInclude Include="..\ext\rt.h" />
    <ClInclude Include="..\ext\fp16.h" />
  </ItemGroup>
  <ItemGroup>
    <ClCompile Include="..\examples\common.cpp" />
    <ClCompile Include="..\examples\common-ggml.cpp" />
    <ClCompile Include="..\src\ggml.c" />
    <ClCompile Include="..\examples\gpt-neox\main.cpp" />
    <ClCompile Include="..\examples\gpt-neox\neox.cpp" />
    <ClCompile Include="..\ext\rt.c" />
  </ItemGroup>
  <ItemGroup>
    <None Include="..\examples\gpt-neox\README.md" />
    <None Include="..\models\stablelm\README.md">
      <Filter>StableLM</Filter>
    </None>
  </ItemGroup>
  <ItemGroup>
    <Filter Include="StableLM">
      <UniqueIdentifier>{2dc10d58-a9bc-49d3-8d91-9a4e6c57318c}</UniqueIdentifier>
    </Filter>
  </ItemGroup>
</Project>